
Microsoft Visual Studio Solution File, Format Version 12.00
# Visual Studio Version 17
VisualStudioVersion = 17.0.31912.275
MinimumVisualStudioVersion = 10.0.40219.1
Project("{FAE04EC0-301F-11D3-BF4B-00C04F79EFBC}") = "4.For", "4.For\4.For.csproj", "{280D49FB-702D-4E9F-8E6F-9DCE130C2BB7}"
EndProject
Global
	GlobalSection(SolutionConfigurationPlatforms) = preSolution
		Debug|Any CPU = Debug|Any CPU
		Release|Any CPU = Release|Any CPU
	EndGlobalSection
	GlobalSection(ProjectConfigurationPlatforms) = postSolution
		{280D49FB-702D-4E9F-8E6F-9DCE130C2BB7}.Debug|Any CPU.ActiveCfg = Debug|Any CPU
		{280D49FB-702D-4E9F-8E6F-9DCE130C2BB7}.Debug|Any CPU.Build.0 = Debug|Any CPU
		{280D49FB-702D-4E9F-8E6F-9DCE130C2BB7}.Release|Any CPU.ActiveCfg = Release|Any CPU
		{280D49FB-702D-4E9F-8E6F-9DCE130C2BB7}.Release|Any CPU.Build.0 = Release|Any CPU
	EndGlobalSection
	GlobalSection(SolutionProperties) = preSolution
		HideSolutionNode = FALSE
	EndGlobalSection
	GlobalSection(ExtensibilityGlobals) = postSolution
		SolutionGuid = {EB87805E-686A-4E5D-80AC-4FCC0D84F9B7}
	EndGlobalSection
EndGlobal
